<?xml version="1.0" encoding="utf-8"?>
<Project ToolsVersion="4.0" xmlns="http://schemas.microsoft.com/developer/msbuild/2003">
  <ItemGroup>
    <Filter Include="Source Files">
      <UniqueIdentifier>{4FC737F1-C7A5-4376-A066-2A32D752A2FF}</UniqueIdentifier>
      <Extensions>cpp;c;cc;cxx;def;odl;idl;hpj;bat;asm;asmx</Extensions>
    </Filter>
    <Filter Include="Header Files">
      <UniqueIdentifier>{93995380-89BD-4b04-88EB-625FBE52EBFB}</UniqueIdentifier>
      <Extensions>h;hh;hpp;hxx;hm;inl;inc;ipp;xsd</Extensions>
    </Filter>
    <Filter Include="Resource Files">
      <UniqueIdentifier>{67DA6AB6-F800-4c08-8B7A-83BB121AAD01}</UniqueIdentifier>
      <Extensions>rc;ico;cur;bmp;dlg;rc2;rct;bin;rgs;gif;jpg;jpeg;jpe;resx;tiff;tif;png;wav;mfcribbon-ms</Extensions>
    </Filter>
    <Filter Include="kiero">
      <UniqueIdentifier>{c914abae-6128-4a2a-8821-07a38f656930}</UniqueIdentifier>
    </Filter>
    <Filter Include="imgui">
      <UniqueIdentifier>{3ba57e14-8ac2-485a-b12c-f06690c43d6e}</UniqueIdentifier>
    </Filter>
    <Filter Include="Source Files\il2cpp">
      <UniqueIdentifier>{7ff91e54-3a2a-4acb-99eb-51e72be028a4}</UniqueIdentifier>
    </Filter>
    <Filter Include="Source Files\gui">
      <UniqueIdentifier>{4b780b39-ca32-45a5-bfce-5698f4eb1ecf}</UniqueIdentifier>
    </Filter>
    <Filter Include="Source Files\base">
      <UniqueIdentifier>{19d2e6eb-016e-439e-98ad-f0d91bb1bf3d}</UniqueIdentifier>
    </Filter>
    <Filter Include="Source Files\data">
      <UniqueIdentifier>{65d87ce2-d09f-4160-a79b-62b2f70cc921}</UniqueIdentifier>
    </Filter>
    <Filter Include="Source Files\data\fonts">
      <UniqueIdentifier>{99048abf-7068-437b-b387-08b2588b916b}</UniqueIdentifier>
    </Filter>
    <Filter Include="Source Files\data\images">
      <UniqueIdentifier>{33ed7922-f372-4076-8507-7b852f445db3}</UniqueIdentifier>
    </Filter>
    <Filter Include="Source Files\hooks">
      <UniqueIdentifier>{99aa0c71-81c0-4d84-abfb-4982325e465d}</UniqueIdentifier>
    </Filter>
    <Filter Include="Source Files\sdk">
      <UniqueIdentifier>{684ee4c6-f4f6-461c-b8af-fab81bc6327f}</UniqueIdentifier>
    </Filter>
    <Filter Include="Source Files\esp">
      <UniqueIdentifier>{e5633105-6a6c-45eb-bbab-de98ec11c337}</UniqueIdentifier>
    </Filter>
  </ItemGroup>
  <ItemGroup>
    <ClCompile Include="kiero\minhook\src\buffer.c">
      <Filter>kiero</Filter>
    </ClCompile>
    <ClCompile Include="kiero\minhook\src\hde\hde32.c">
      <Filter>kiero</Filter>
    </ClCompile>
    <ClCompile Include="kiero\minhook\src\hde\hde64.c">
      <Filter>kiero</Filter>
    </ClCompile>
    <ClCompile Include="kiero\minhook\src\hook.c">
      <Filter>kiero</Filter>
    </ClCompile>
    <ClCompile Include="kiero\kiero.cpp">
      <Filter>kiero</Filter>
    </ClCompile>
    <ClCompile Include="kiero\minhook\src\trampoline.c">
      <Filter>kiero</Filter>
    </ClCompile>
    <ClCompile Include="main.cpp">
      <Filter>Source Files</Filter>
    </ClCompile>
    <ClCompile Include="imgui\imgui.cpp">
      <Filter>imgui</Filter>
    </ClCompile>
    <ClCompile Include="imgui\imgui_demo.cpp">
      <Filter>imgui</Filter>
    </ClCompile>
    <ClCompile Include="imgui\imgui_draw.cpp">
      <Filter>imgui</Filter>
    </ClCompile>
    <ClCompile Include="imgui\imgui_impl_dx11.cpp">
      <Filter>imgui</Filter>
    </ClCompile>
    <ClCompile Include="imgui\imgui_impl_win32.cpp">
      <Filter>imgui</Filter>
    </ClCompile>
    <ClCompile Include="imgui\imgui_widgets.cpp">
      <Filter>imgui</Filter>
    </ClCompile>
    <ClCompile Include="il2cpp\hm_il2cpp_helper.cpp">
      <Filter>Source Files\il2cpp</Filter>
    </ClCompile>
    <ClCompile Include="hm_config.cpp">
      <Filter>Source Files</Filter>
    </ClCompile>
    <ClCompile Include="hm_hacks.cpp">
      <Filter>Source Files</Filter>
    </ClCompile>
    <ClCompile Include="hm_helper.cpp">
      <Filter>Source Files</Filter>
    </ClCompile>
    <ClCompile Include="hm_version.h">
      <Filter>Source Files</Filter>
    </ClCompile>
    <ClCompile Include="gui\hm_gui.cpp">
      <Filter>Source Files\gui</Filter>
    </ClCompile>
    <ClCompile Include="gui\hm_gui_widgets.cpp">
      <Filter>Source Files\gui</Filter>
    </ClCompile>
    <ClCompile Include="gui\main_window.cpp">
      <Filter>Source Files\gui</Filter>
    </ClCompile>
    <ClCompile Include="gui\hm_gui_base.cpp">
      <Filter>Source Files\gui</Filter>
    </ClCompile>
    <ClCompile Include="hooks\hm_hooks.cpp">
      <Filter>Source Files\hooks</Filter>
    </ClCompile>
    <ClCompile Include="sdk\hm_sdk.cpp">
      <Filter>Source Files\sdk</Filter>
    </ClCompile>
    <ClCompile Include="esp\hm_esp.cpp">
      <Filter>Source Files\esp</Filter>
    </ClCompile>
  </ItemGroup>
  <ItemGroup>
    <ResourceCompile Include="kiero\minhook\dll_resources\MinHook.rc">
      <Filter>Resource Files</Filter>
    </ResourceCompile>
  </ItemGroup>
  <ItemGroup>
    <ClInclude Include="kiero\minhook\src\buffer.h">
      <Filter>kiero</Filter>
    </ClInclude>
    <ClInclude Include="kiero\minhook\src\hde\hde32.h">
      <Filter>kiero</Filter>
    </ClInclude>
    <ClInclude Include="kiero\minhook\src\hde\hde64.h">
      <Filter>kiero</Filter>
    </ClInclude>
    <ClInclude Include="kiero\kiero.h">
      <Filter>kiero</Filter>
    </ClInclude>
    <ClInclude Include="kiero\minhook\include\MinHook.h">
      <Filter>kiero</Filter>
    </ClInclude>
    <ClInclude Include="kiero\minhook\src\hde\pstdint.h">
      <Filter>kiero</Filter>
    </ClInclude>
    <ClInclude Include="kiero\minhook\src\hde\table32.h">
      <Filter>kiero</Filter>
    </ClInclude>
    <ClInclude Include="kiero\minhook\src\hde\table64.h">
      <Filter>kiero</Filter>
    </ClInclude>
    <ClInclude Include="kiero\minhook\src\trampoline.h">
      <Filter>kiero</Filter>
    </ClInclude>
    <ClInclude Include="imgui\imconfig.h">
      <Filter>imgui</Filter>
    </ClInclude>
    <ClInclude Include="imgui\imgui.h">
      <Filter>imgui</Filter>
    </ClInclude>
    <ClInclude Include="imgui\imgui_impl_dx11.h">
      <Filter>imgui</Filter>
    </ClInclude>
    <ClInclude Include="imgui\imgui_impl_win32.h">
      <Filter>imgui</Filter>
    </ClInclude>
    <ClInclude Include="imgui\imgui_internal.h">
      <Filter>imgui</Filter>
    </ClInclude>
    <ClInclude Include="imgui\imstb_rectpack.h">
      <Filter>imgui</Filter>
    </ClInclude>
    <ClInclude Include="imgui\imstb_textedit.h">
      <Filter>imgui</Filter>
    </ClInclude>
    <ClInclude Include="imgui\imstb_truetype.h">
      <Filter>imgui</Filter>
    </ClInclude>
    <ClInclude Include="includes.h">
      <Filter>Header Files</Filter>
    </ClInclude>
    <ClInclude Include="il2cpp\hm_il2cpp_helper.h">
      <Filter>Source Files\il2cpp</Filter>
    </ClInclude>
    <ClInclude Include="il2cpp\il2cpp.h">
      <Filter>Source Files\il2cpp</Filter>
    </ClInclude>
    <ClInclude Include="il2cpp\structures.h">
      <Filter>Source Files\il2cpp</Filter>
    </ClInclude>
    <ClInclude Include="hm_config.h">
      <Filter>Source Files</Filter>
    </ClInclude>
    <ClInclude Include="hm_hacks.h">
      <Filter>Source Files</Filter>
    </ClInclude>
    <ClInclude Include="hm_helper.h">
      <Filter>Source Files</Filter>
    </ClInclude>
    <ClInclude Include="gui\hm_gui.h">
      <Filter>Source Files\gui</Filter>
    </ClInclude>
    <ClInclude Include="data\fonts\fa.h">
      <Filter>Source Files\data\fonts</Filter>
    </ClInclude>
    <ClInclude Include="data\fonts\fa_data.h">
      <Filter>Source Files\data\fonts</Filter>
    </ClInclude>
    <ClInclude Include="data\fonts\roboto.h">
      <Filter>Source Files\data\fonts</Filter>
    </ClInclude>
    <ClInclude Include="hm_global_vars.h">
      <Filter>Source Files</Filter>
    </ClInclude>
    <ClInclude Include="hm_variables.h">
      <Filter>Source Files</Filter>
    </ClInclude>
    <ClInclude Include="data\images\images.h">
      <Filter>Source Files\data\images</Filter>
    </ClInclude>
    <ClInclude Include="base\colors.h">
      <Filter>Source Files\base</Filter>
    </ClInclude>
    <ClInclude Include="hm_enums.h">
      <Filter>Source Files</Filter>
    </ClInclude>
    <ClInclude Include="hooks\hm_hooks.h">
      <Filter>Source Files\hooks</Filter>
    </ClInclude>
    <ClInclude Include="sdk\hm_sdk.h">
      <Filter>Source Files\sdk</Filter>
    </ClInclude>
    <ClInclude Include="esp\hm_esp.h">
      <Filter>Source Files\esp</Filter>
    </ClInclude>
  </ItemGroup>
  <ItemGroup>
    <None Include="kiero\minhook\dll_resources\MinHook.def">
      <Filter>kiero</Filter>
    </None>
  </ItemGroup>
</Project>